
Microsoft Visual Studio Solution File, Format Version 12.00
# Visual Studio 2012
Project("{FAE04EC0-301F-11D3-BF4B-00C04F79EFBC}") = "CheckIn", "CheckIn\CheckIn.csproj", "{1B07780F-E196-444B-B04A-D0E3A4CEA4DD}"
EndProject
Global
	GlobalSection(SolutionConfigurationPlatforms) = preSolution
		Debug|Any CPU = Debug|Any CPU
		Release|Any CPU = Release|Any CPU
	EndGlobalSection
	GlobalSection(ProjectConfigurationPlatforms) = postSolution
		{1B07780F-E196-444B-B04A-D0E3A4CEA4DD}.Debug|Any CPU.ActiveCfg = Debug|Any CPU
		{1B07780F-E196-444B-B04A-D0E3A4CEA4DD}.Debug|Any CPU.Build.0 = Debug|Any CPU
		{1B07780F-E196-444B-B04A-D0E3A4CEA4DD}.Release|Any CPU.ActiveCfg = Release|Any CPU
		{1B07780F-E196-444B-B04A-D0E3A4CEA4DD}.Release|Any CPU.Build.0 = Release|Any CPU
	EndGlobalSection
	GlobalSection(SolutionProperties) = preSolution
		HideSolutionNode = FALSE
	EndGlobalSection
EndGlobal
